{
  "name": "ng-admin",
  "lockfileVersion": 2,
  "requires": true,
  "packages": {
    "": {
      "name": "ng-admin",
      "dependencies": {
        "ng-admin": "^0.9.1"
      }
    },
    "node_modules/ng-admin": {
      "version": "0.9.1",
      "resolved": "https://registry.npmjs.org/ng-admin/-/ng-admin-0.9.1.tgz",
      "integrity": "sha512-V6FXelISr+2fS/DuCk+dxQwONsqE9A00TEzWh4dvtPtAtYzZOApYUQPV2qoaf/WtK4VTJuR3Z4xnlDKyAaKdsw==",
      "engines": {
        "node": ">=0.10.0"
      }
    }
  },
  "dependencies": {
    "ng-admin": {
      "version": "0.9.1",
      "resolved": "https://registry.npmjs.org/ng-admin/-/ng-admin-0.9.1.tgz",
      "integrity": "sha512-V6FXelISr+2fS/DuCk+dxQwONsqE9A00TEzWh4dvtPtAtYzZOApYUQPV2qoaf/WtK4VTJuR3Z4xnlDKyAaKdsw=="
    }
  }
}
